PODS:
  - Yoga (0.0.0)

DEPENDENCIES:
  - Yoga (from `https://github.com/facebook/yoga.git`)

EXTERNAL SOURCES:
  Yoga:
    :git: https://github.com/facebook/yoga.git

CHECKOUT OPTIONS:
  Yoga:
    :commit: 51e6095005fd713dbfcbaf2c6296009de782d966
    :git: https://github.com/facebook/yoga.git

SPEC CHECKSUMS:
  Yoga: 8e9eab0c6275f1896490dd5f6638be12d57741ac

PODFILE CHECKSUM: b2d92790110a92743df290954ff74895ff9df6b3

COCOAPODS: 1.16.2
